
Microsoft Visual Studio Solution File, Format Version 12.00
# Visual Studio Version 17
VisualStudioVersion = 17.10.35013.160
MinimumVisualStudioVersion = 10.0.40219.1
Project("{FAE04EC0-301F-11D3-BF4B-00C04F79EFBC}") = "presentacion", "presentacion\presentacion.csproj", "{7D0CEAA8-408F-421F-B146-37D8DD781A2C}"
EndProject
Project("{FAE04EC0-301F-11D3-BF4B-00C04F79EFBC}") = "AppServices", "AppServices\AppServices.csproj", "{5AD461A5-D8EB-4FAC-8512-7D61695C102A}"
EndProject
Project("{FAE04EC0-301F-11D3-BF4B-00C04F79EFBC}") = "AppModel", "AppModel\AppModel.csproj", "{B166953D-9EB4-44B1-A282-7D01035AB27E}"
EndProject
Project("{FAE04EC0-301F-11D3-BF4B-00C04F79EFBC}") = "AppController", "AppController\AppController.csproj", "{60ACD0AD-8D42-456E-ADA0-739FAD8B3E88}"
EndProject
Global
	GlobalSection(SolutionConfigurationPlatforms) = preSolution
		Debug|Any CPU = Debug|Any CPU
		Release|Any CPU = Release|Any CPU
	EndGlobalSection
	GlobalSection(ProjectConfigurationPlatforms) = postSolution
		{7D0CEAA8-408F-421F-B146-37D8DD781A2C}.Debug|Any CPU.ActiveCfg = Debug|Any CPU
		{7D0CEAA8-408F-421F-B146-37D8DD781A2C}.Debug|Any CPU.Build.0 = Debug|Any CPU
		{7D0CEAA8-408F-421F-B146-37D8DD781A2C}.Release|Any CPU.ActiveCfg = Release|Any CPU
		{7D0CEAA8-408F-421F-B146-37D8DD781A2C}.Release|Any CPU.Build.0 = Release|Any CPU
		{5AD461A5-D8EB-4FAC-8512-7D61695C102A}.Debug|Any CPU.ActiveCfg = Debug|Any CPU
		{5AD461A5-D8EB-4FAC-8512-7D61695C102A}.Debug|Any CPU.Build.0 = Debug|Any CPU
		{5AD461A5-D8EB-4FAC-8512-7D61695C102A}.Release|Any CPU.ActiveCfg = Release|Any CPU
		{5AD461A5-D8EB-4FAC-8512-7D61695C102A}.Release|Any CPU.Build.0 = Release|Any CPU
		{B166953D-9EB4-44B1-A282-7D01035AB27E}.Debug|Any CPU.ActiveCfg = Debug|Any CPU
		{B166953D-9EB4-44B1-A282-7D01035AB27E}.Debug|Any CPU.Build.0 = Debug|Any CPU
		{B166953D-9EB4-44B1-A282-7D01035AB27E}.Release|Any CPU.ActiveCfg = Release|Any CPU
		{B166953D-9EB4-44B1-A282-7D01035AB27E}.Release|Any CPU.Build.0 = Release|Any CPU
		{60ACD0AD-8D42-456E-ADA0-739FAD8B3E88}.Debug|Any CPU.ActiveCfg = Debug|Any CPU
		{60ACD0AD-8D42-456E-ADA0-739FAD8B3E88}.Debug|Any CPU.Build.0 = Debug|Any CPU
		{60ACD0AD-8D42-456E-ADA0-739FAD8B3E88}.Release|Any CPU.ActiveCfg = Release|Any CPU
		{60ACD0AD-8D42-456E-ADA0-739FAD8B3E88}.Release|Any CPU.Build.0 = Release|Any CPU
	EndGlobalSection
	GlobalSection(SolutionProperties) = preSolution
		HideSolutionNode = FALSE
	EndGlobalSection
	GlobalSection(ExtensibilityGlobals) = postSolution
		SolutionGuid = {5BAA8589-1133-42F0-9383-D2F2F91F6A89}
	EndGlobalSection
EndGlobal
